// !$*UTF8*$!
{
	archiveVersion = 1;
	classes = {
	};
	objectVersion = 50;
	objects = {

/* Begin PBXBuildFile section */
		0914DD06235DAE20009C555B /* SPAppDelegate.m in Sources */ = {isa = PBXBuildFile; fileRef = 0914DD05235DAE20009C555B /* SPAppDelegate.m */; };
		0914DD11235DAE23009C555B /* Assets.xcassets in Resources */ = {isa = PBXBuildFile; fileRef = 0914DD10235DAE23009C555B /* Assets.xcassets */; };
		0914DD17235DAE23009C555B /* main.m in Sources */ = {isa = PBXBuildFile; fileRef = 0914DD16235DAE23009C555B /* main.m */; };
		09526E78239E201A00BA2E80 /* SPMediaPickerController.m in Sources */ = {isa = PBXBuildFile; fileRef = 09526E77239E201A00BA2E80 /* SPMediaPickerController.m */; };
		09526E7B239E2D0600BA2E80 /* SPSystemMediaManager.m in Sources */ = {isa = PBXBuildFile; fileRef = 09526E7A239E2D0600BA2E80 /* SPSystemMediaManager.m */; };
		095FECDA236BC26200C02105 /* SPRootViewController.m in Sources */ = {isa = PBXBuildFile; fileRef = 095FECD9236BC26200C02105 /* SPRootViewController.m */; };
		095FECDD236C1B0400C02105 /* SPProjectContext.m in Sources */ = {isa = PBXBuildFile; fileRef = 095FECDC236C1B0400C02105 /* SPProjectContext.m */; };
		095FF2DA2369749B0008347A /* SPAppContext.m in Sources */ = {isa = PBXBuildFile; fileRef = 095FF2D92369749B0008347A /* SPAppContext.m */; };
		0971CE5F2399F10300A9FA2E /* UITextField+DeleteBackward.m in Sources */ = {isa = PBXBuildFile; fileRef = 0971CE5E2399F10300A9FA2E /* UITextField+DeleteBackward.m */; };
		0971CE83239A3B2D00A9FA2E /* IQTextView.m in Sources */ = {isa = PBXBuildFile; fileRef = 0971CE62239A3B2D00A9FA2E /* IQTextView.m */; };
		0971CE84239A3B2D00A9FA2E /* IQToolbar.m in Sources */ = {isa = PBXBuildFile; fileRef = 0971CE66239A3B2D00A9FA2E /* IQToolbar.m */; };
		0971CE85239A3B2D00A9FA2E /* IQTitleBarButtonItem.m in Sources */ = {isa = PBXBuildFile; fileRef = 0971CE68239A3B2D00A9FA2E /* IQTitleBarButtonItem.m */; };
		0971CE86239A3B2D00A9FA2E /* IQBarButtonItem.m in Sources */ = {isa = PBXBuildFile; fileRef = 0971CE69239A3B2D00A9FA2E /* IQBarButtonItem.m */; };
		0971CE87239A3B2D00A9FA2E /* IQUIView+IQKeyboardToolbar.m in Sources */ = {isa = PBXBuildFile; fileRef = 0971CE6A239A3B2D00A9FA2E /* IQUIView+IQKeyboardToolbar.m */; };
		0971CE88239A3B2D00A9FA2E /* IQPreviousNextView.m in Sources */ = {isa = PBXBuildFile; fileRef = 0971CE6B239A3B2D00A9FA2E /* IQPreviousNextView.m */; };
		0971CE89239A3B2D00A9FA2E /* IQKeyboardManager.xcassets in Resources */ = {isa = PBXBuildFile; fileRef = 0971CE73239A3B2D00A9FA2E /* IQKeyboardManager.xcassets */; };
		0971CE8A239A3B2D00A9FA2E /* IQKeyboardManager.m in Sources */ = {isa = PBXBuildFile; fileRef = 0971CE76239A3B2D00A9FA2E /* IQKeyboardManager.m */; };
		0971CE8B239A3B2D00A9FA2E /* IQNSArray+Sort.m in Sources */ = {isa = PBXBuildFile; fileRef = 0971CE78239A3B2D00A9FA2E /* IQNSArray+Sort.m */; };
		0971CE8C239A3B2D00A9FA2E /* IQUITextFieldView+Additions.m in Sources */ = {isa = PBXBuildFile; fileRef = 0971CE7A239A3B2D00A9FA2E /* IQUITextFieldView+Additions.m */; };
		0971CE8D239A3B2D00A9FA2E /* IQUIScrollView+Additions.m in Sources */ = {isa = PBXBuildFile; fileRef = 0971CE7B239A3B2D00A9FA2E /* IQUIScrollView+Additions.m */; };
		0971CE8E239A3B2D00A9FA2E /* IQUIView+Hierarchy.m in Sources */ = {isa = PBXBuildFile; fileRef = 0971CE7C239A3B2D00A9FA2E /* IQUIView+Hierarchy.m */; };
		0971CE8F239A3B2D00A9FA2E /* IQUIViewController+Additions.m in Sources */ = {isa = PBXBuildFile; fileRef = 0971CE80239A3B2D00A9FA2E /* IQUIViewController+Additions.m */; };
		0971CE90239A3B2D00A9FA2E /* IQKeyboardReturnKeyHandler.m in Sources */ = {isa = PBXBuildFile; fileRef = 0971CE82239A3B2D00A9FA2E /* IQKeyboardReturnKeyHandler.m */; };
		0987148F2361408600F49BFA /* UICollectionView+Constraint.m in Sources */ = {isa = PBXBuildFile; fileRef = 0987147F2361408600F49BFA /* UICollectionView+Constraint.m */; };
		098714902361408600F49BFA /* UIView+Constraint.m in Sources */ = {isa = PBXBuildFile; fileRef = 098714832361408600F49BFA /* UIView+Constraint.m */; };
		098714912361408600F49BFA /* UILabel+Constraint.m in Sources */ = {isa = PBXBuildFile; fileRef = 098714842361408600F49BFA /* UILabel+Constraint.m */; };
		098714922361408600F49BFA /* UITableView+Constraint.m in Sources */ = {isa = PBXBuildFile; fileRef = 098714872361408600F49BFA /* UITableView+Constraint.m */; };
		098714932361408600F49BFA /* UIImageView+Constraint.m in Sources */ = {isa = PBXBuildFile; fileRef = 098714882361408600F49BFA /* UIImageView+Constraint.m */; };
		098714942361408600F49BFA /* UITextField+Constraint.m in Sources */ = {isa = PBXBuildFile; fileRef = 098714892361408600F49BFA /* UITextField+Constraint.m */; };
		098714952361408600F49BFA /* UIButton+Constraint.m in Sources */ = {isa = PBXBuildFile; fileRef = 0987148B2361408600F49BFA /* UIButton+Constraint.m */; };
		098714962361408600F49BFA /* UIScrollView+Contraint.m in Sources */ = {isa = PBXBuildFile; fileRef = 0987148D2361408600F49BFA /* UIScrollView+Contraint.m */; };
		0987149B2361761900F49BFA /* SPAlbumCell.m in Sources */ = {isa = PBXBuildFile; fileRef = 0987149A2361761900F49BFA /* SPAlbumCell.m */; };
		098B948B239F719D00D7BAB5 /* SPMediaPickerCell.m in Sources */ = {isa = PBXBuildFile; fileRef = 098B948A239F719D00D7BAB5 /* SPMediaPickerCell.m */; };
		09A74040236AD619007D7C62 /* SPTabBar.m in Sources */ = {isa = PBXBuildFile; fileRef = 09A7403A236AD619007D7C62 /* SPTabBar.m */; };
		09A74041236AD619007D7C62 /* SPTabBarItem.m in Sources */ = {isa = PBXBuildFile; fileRef = 09A7403B236AD619007D7C62 /* SPTabBarItem.m */; };
		09A74042236AD619007D7C62 /* SPTabBarViewController.m in Sources */ = {isa = PBXBuildFile; fileRef = 09A7403E236AD619007D7C62 /* SPTabBarViewController.m */; };
		09D45B622398E1390010277C /* SPStartUpOperationController.m in Sources */ = {isa = PBXBuildFile; fileRef = 09D45B612398E1390010277C /* SPStartUpOperationController.m */; };
		09E222BF235FEB35007EB242 /* Images.xcassets in Resources */ = {isa = PBXBuildFile; fileRef = 09E222B4235FEB35007EB242 /* Images.xcassets */; };
		09E222D1235FEBDA007EB242 /* JAUtilities.m in Sources */ = {isa = PBXBuildFile; fileRef = 09E222C9235FEBDA007EB242 /* JAUtilities.m */; };
		09E222D4235FEC4B007EB242 /* SPNavigationController.m in Sources */ = {isa = PBXBuildFile; fileRef = 09E222D3235FEC4B007EB242 /* SPNavigationController.m */; };
		09E222D9235FF1F5007EB242 /* SPBaseViewController.m in Sources */ = {isa = PBXBuildFile; fileRef = 09E222D8235FF1F5007EB242 /* SPBaseViewController.m */; };
		09E2230A235FF96F007EB242 /* SPMediaFileManager.m in Sources */ = {isa = PBXBuildFile; fileRef = 09E22309235FF96F007EB242 /* SPMediaFileManager.m */; };
		09E9088C2371125800524882 /* Info.plist in Resources */ = {isa = PBXBuildFile; fileRef = 09E908742371125800524882 /* Info.plist */; };
		09E9088D2371125800524882 /* MASConstraint.m in Sources */ = {isa = PBXBuildFile; fileRef = 09E908762371125800524882 /* MASConstraint.m */; };
		09E9088E2371125800524882 /* MASCompositeConstraint.m in Sources */ = {isa = PBXBuildFile; fileRef = 09E908792371125800524882 /* MASCompositeConstraint.m */; };
		09E9088F2371125800524882 /* NSArray+MASAdditions.m in Sources */ = {isa = PBXBuildFile; fileRef = 09E9087A2371125800524882 /* NSArray+MASAdditions.m */; };
		09E908902371125800524882 /* NSLayoutConstraint+MASDebugAdditions.m in Sources */ = {isa = PBXBuildFile; fileRef = 09E908802371125800524882 /* NSLayoutConstraint+MASDebugAdditions.m */; };
		09E908912371125800524882 /* MASLayoutConstraint.m in Sources */ = {isa = PBXBuildFile; fileRef = 09E908822371125800524882 /* MASLayoutConstraint.m */; };
		09E908922371125800524882 /* MASConstraintMaker.m in Sources */ = {isa = PBXBuildFile; fileRef = 09E908832371125800524882 /* MASConstraintMaker.m */; };
		09E908932371125800524882 /* MASViewAttribute.m in Sources */ = {isa = PBXBuildFile; fileRef = 09E908842371125800524882 /* MASViewAttribute.m */; };
		09E908942371125800524882 /* ViewController+MASAdditions.m in Sources */ = {isa = PBXBuildFile; fileRef = 09E908882371125800524882 /* ViewController+MASAdditions.m */; };
		09E908952371125800524882 /* MASViewConstraint.m in Sources */ = {isa = PBXBuildFile; fileRef = 09E9088A2371125800524882 /* MASViewConstraint.m */; };
		09E908962371125800524882 /* View+MASAdditions.m in Sources */ = {isa = PBXBuildFile; fileRef = 09E9088B2371125800524882 /* View+MASAdditions.m */; };
		09E9089C2371134800524882 /* SPSettingViewController.m in Sources */ = {isa = PBXBuildFile; fileRef = 09E9089A2371134800524882 /* SPSettingViewController.m */; };
		09E908A3237113DA00524882 /* SPHomePageViewController.m in Sources */ = {isa = PBXBuildFile; fileRef = 09E9089E237113DA00524882 /* SPHomePageViewController.m */; };
		09E908A4237113DA00524882 /* SPAlbumHomePageController.m in Sources */ = {isa = PBXBuildFile; fileRef = 09E908A1237113DA00524882 /* SPAlbumHomePageController.m */; };
		09E908A72371154000524882 /* SPSettingItem.m in Sources */ = {isa = PBXBuildFile; fileRef = 09E908A62371154000524882 /* SPSettingItem.m */; };
		09E908AB2371180300524882 /* SPNewAlbumOperationView.m in Sources */ = {isa = PBXBuildFile; fileRef = 09E908AA2371180300524882 /* SPNewAlbumOperationView.m */; };
		09E908B02371180D00524882 /* SPSwitchView.m in Sources */ = {isa = PBXBuildFile; fileRef = 09E908AD2371180D00524882 /* SPSwitchView.m */; };
		09E908B32371188B00524882 /* SPSettingTabCell.m in Sources */ = {isa = PBXBuildFile; fileRef = 09E908B22371188B00524882 /* SPSettingTabCell.m */; };
		09E908B7237141C300524882 /* SPFingerprintRecognition.m in Sources */ = {isa = PBXBuildFile; fileRef = 09E908B6237141C300524882 /* SPFingerprintRecognition.m */; };
/* End PBXBuildFile section */

/* Begin PBXFileReference section */
		0914DD01235DAE20009C555B /* SavePhotosAndVideos.app */ = {isa = PBXFileReference; explicitFileType = wrapper.application; includeInIndex = 0; path = SavePhotosAndVideos.app; sourceTree = BUILT_PRODUCTS_DIR; };
		0914DD04235DAE20009C555B /* SPAppDelegate.h */ = {isa = PBXFileReference; lastKnownFileType = sourcecode.c.h; path = SPAppDelegate.h; sourceTree = "<group>"; };
		0914DD05235DAE20009C555B /* SPAppDelegate.m */ = {isa = PBXFileReference; lastKnownFileType = sourcecode.c.objc; path = SPAppDelegate.m; sourceTree = "<group>"; };
		0914DD10235DAE23009C555B /* Assets.xcassets */ = {isa = PBXFileReference; lastKnownFileType = folder.assetcatalog; path = Assets.xcassets; sourceTree = "<group>"; };
		0914DD15235DAE23009C555B /* SPAVInfo.plist */ = {isa = PBXFileReference; lastKnownFileType = text.plist.xml; path = SPAVInfo.plist; sourceTree = "<group>"; };
		0914DD16235DAE23009C555B /* main.m */ = {isa = PBXFileReference; lastKnownFileType = sourcecode.c.objc; path = main.m; sourceTree = "<group>"; };
		09526E76239E201A00BA2E80 /* SPMediaPickerController.h */ = {isa = PBXFileReference; lastKnownFileType = sourcecode.c.h; path = SPMediaPickerController.h; sourceTree = "<group>"; };
		09526E77239E201A00BA2E80 /* SPMediaPickerController.m */ = {isa = PBXFileReference; lastKnownFileType = sourcecode.c.objc; path = SPMediaPickerController.m; sourceTree = "<group>"; };
		09526E79239E2D0600BA2E80 /* SPSystemMediaManager.h */ = {isa = PBXFileReference; lastKnownFileType = sourcecode.c.h; path = SPSystemMediaManager.h; sourceTree = "<group>"; };
		09526E7A239E2D0600BA2E80 /* SPSystemMediaManager.m */ = {isa = PBXFileReference; lastKnownFileType = sourcecode.c.objc; path = SPSystemMediaManager.m; sourceTree = "<group>"; };
		095FECD8236BC26200C02105 /* SPRootViewController.h */ = {isa = PBXFileReference; lastKnownFileType = sourcecode.c.h; path = SPRootViewController.h; sourceTree = "<group>"; };
		095FECD9236BC26200C02105 /* SPRootViewController.m */ = {isa = PBXFileReference; lastKnownFileType = sourcecode.c.objc; path = SPRootViewController.m; sourceTree = "<group>"; };
		095FECDB236C1B0400C02105 /* SPProjectContext.h */ = {isa = PBXFileReference; lastKnownFileType = sourcecode.c.h; path = SPProjectContext.h; sourceTree = "<group>"; };
		095FECDC236C1B0400C02105 /* SPProjectContext.m */ = {isa = PBXFileReference; lastKnownFileType = sourcecode.c.objc; path = SPProjectContext.m; sourceTree = "<group>"; };
		095FF2D82369749B0008347A /* SPAppContext.h */ = {isa = PBXFileReference; lastKnownFileType = sourcecode.c.h; path = SPAppContext.h; sourceTree = "<group>"; };
		095FF2D92369749B0008347A /* SPAppContext.m */ = {isa = PBXFileReference; lastKnownFileType = sourcecode.c.objc; path = SPAppContext.m; sourceTree = "<group>"; };
		0971CE5D2399F10300A9FA2E /* UITextField+DeleteBackward.h */ = {isa = PBXFileReference; lastKnownFileType = sourcecode.c.h; path = "UITextField+DeleteBackward.h"; sourceTree = "<group>"; };
		0971CE5E2399F10300A9FA2E /* UITextField+DeleteBackward.m */ = {isa = PBXFileReference; lastKnownFileType = sourcecode.c.objc; path = "UITextField+DeleteBackward.m"; sourceTree = "<group>"; };
		0971CE62239A3B2D00A9FA2E /* IQTextView.m */ = {isa = PBXFileReference; fileEncoding = 4; lastKnownFileType = sourcecode.c.objc; path = IQTextView.m; sourceTree = "<group>"; };
		0971CE63239A3B2D00A9FA2E /* IQTextView.h */ = {isa = PBXFileReference; fileEncoding = 4; lastKnownFileType = sourcecode.c.h; path = IQTextView.h; sourceTree = "<group>"; };
		0971CE65239A3B2D00A9FA2E /* IQUIView+IQKeyboardToolbar.h */ = {isa = PBXFileReference; fileEncoding = 4; lastKnownFileType = sourcecode.c.h; path = "IQUIView+IQKeyboardToolbar.h"; sourceTree = "<group>"; };
		0971CE66239A3B2D00A9FA2E /* IQToolbar.m */ = {isa = PBXFileReference; fileEncoding = 4; lastKnownFileType = sourcecode.c.objc; path = IQToolbar.m; sourceTree = "<group>"; };
		0971CE67239A3B2D00A9FA2E /* IQPreviousNextView.h */ = {isa = PBXFileReference; fileEncoding = 4; lastKnownFileType = sourcecode.c.h; path = IQPreviousNextView.h; sourceTree = "<group>"; };
		0971CE68239A3B2D00A9FA2E /* IQTitleBarButtonItem.m */ = {isa = PBXFileReference; fileEncoding = 4; lastKnownFileType = sourcecode.c.objc; path = IQTitleBarButtonItem.m; sourceTree = "<group>"; };
		0971CE69239A3B2D00A9FA2E /* IQBarButtonItem.m */ = {isa = PBXFileReference; fileEncoding = 4; lastKnownFileType = sourcecode.c.objc; path = IQBarButtonItem.m; sourceTree = "<group>"; };
		0971CE6A239A3B2D00A9FA2E /* IQUIView+IQKeyboardToolbar.m */ = {isa = PBXFileReference; fileEncoding = 4; lastKnownFileType = sourcecode.c.objc; path = "IQUIView+IQKeyboardToolbar.m"; sourceTree = "<group>"; };
		0971CE6B239A3B2D00A9FA2E /* IQPreviousNextView.m */ = {isa = PBXFileReference; fileEncoding = 4; lastKnownFileType = sourcecode.c.objc; path = IQPreviousNextView.m; sourceTree = "<group>"; };
		0971CE6C239A3B2D00A9FA2E /* IQToolbar.h */ = {isa = PBXFileReference; fileEncoding = 4; lastKnownFileType = sourcecode.c.h; path = IQToolbar.h; sourceTree = "<group>"; };
		0971CE6D239A3B2D00A9FA2E /* IQBarButtonItem.h */ = {isa = PBXFileReference; fileEncoding = 4; lastKnownFileType = sourcecode.c.h; path = IQBarButtonItem.h; sourceTree = "<group>"; };
		0971CE6E239A3B2D00A9FA2E /* IQTitleBarButtonItem.h */ = {isa = PBXFileReference; fileEncoding = 4; lastKnownFileType = sourcecode.c.h; path = IQTitleBarButtonItem.h; sourceTree = "<group>"; };
		0971CE70239A3B2D00A9FA2E /* IQKeyboardManagerConstantsInternal.h */ = {isa = PBXFileReference; fileEncoding = 4; lastKnownFileType = sourcecode.c.h; path = IQKeyboardManagerConstantsInternal.h; sourceTree = "<group>"; };
		0971CE71239A3B2D00A9FA2E /* IQKeyboardManagerConstants.h */ = {isa = PBXFileReference; fileEncoding = 4; lastKnownFileType = sourcecode.c.h; path = IQKeyboardManagerConstants.h; sourceTree = "<group>"; };
		0971CE73239A3B2D00A9FA2E /* IQKeyboardManager.xcassets */ = {isa = PBXFileReference; lastKnownFileType = folder.assetcatalog; path = IQKeyboardManager.xcassets; sourceTree = "<group>"; };
		0971CE74239A3B2D00A9FA2E /* IQKeyboardReturnKeyHandler.h */ = {isa = PBXFileReference; fileEncoding = 4; lastKnownFileType = sourcecode.c.h; path = IQKeyboardReturnKeyHandler.h; sourceTree = "<group>"; };
		0971CE75239A3B2D00A9FA2E /* IQKeyboardManager.h */ = {isa = PBXFileReference; fileEncoding = 4; lastKnownFileType = sourcecode.c.h; path = IQKeyboardManager.h; sourceTree = "<group>"; };
		0971CE76239A3B2D00A9FA2E /* IQKeyboardManager.m */ = {isa = PBXFileReference; fileEncoding = 4; lastKnownFileType = sourcecode.c.objc; path = IQKeyboardManager.m; sourceTree = "<group>"; };
		0971CE78239A3B2D00A9FA2E /* IQNSArray+Sort.m */ = {isa = PBXFileReference; fileEncoding = 4; lastKnownFileType = sourcecode.c.objc; path = "IQNSArray+Sort.m"; sourceTree = "<group>"; };
		0971CE79239A3B2D00A9FA2E /* IQUIViewController+Additions.h */ = {isa = PBXFileReference; fileEncoding = 4; lastKnownFileType = sourcecode.c.h; path = "IQUIViewController+Additions.h"; sourceTree = "<group>"; };
		0971CE7A239A3B2D00A9FA2E /* IQUITextFieldView+Additions.m */ = {isa = PBXFileReference; fileEncoding = 4; lastKnownFileType = sourcecode.c.objc; path = "IQUITextFieldView+Additions.m"; sourceTree = "<group>"; };
		0971CE7B239A3B2D00A9FA2E /* IQUIScrollView+Additions.m */ = {isa = PBXFileReference; fileEncoding = 4; lastKnownFileType = sourcecode.c.objc; path = "IQUIScrollView+Additions.m"; sourceTree = "<group>"; };
		0971CE7C239A3B2D00A9FA2E /* IQUIView+Hierarchy.m */ = {isa = PBXFileReference; fileEncoding = 4; lastKnownFileType = sourcecode.c.objc; path = "IQUIView+Hierarchy.m"; sourceTree = "<group>"; };
		0971CE7D239A3B2D00A9FA2E /* IQNSArray+Sort.h */ = {isa = PBXFileReference; fileEncoding = 4; lastKnownFileType = sourcecode.c.h; path = "IQNSArray+Sort.h"; sourceTree = "<group>"; };
		0971CE7E239A3B2D00A9FA2E /* IQUIScrollView+Additions.h */ = {isa = PBXFileReference; fileEncoding = 4; lastKnownFileType = sourcecode.c.h; path = "IQUIScrollView+Additions.h"; sourceTree = "<group>"; };
		0971CE7F239A3B2D00A9FA2E /* IQUITextFieldView+Additions.h */ = {isa = PBXFileReference; fileEncoding = 4; lastKnownFileType = sourcecode.c.h; path = "IQUITextFieldView+Additions.h"; sourceTree = "<group>"; };
		0971CE80239A3B2D00A9FA2E /* IQUIViewController+Additions.m */ = {isa = PBXFileReference; fileEncoding = 4; lastKnownFileType = sourcecode.c.objc; path = "IQUIViewController+Additions.m"; sourceTree = "<group>"; };
		0971CE81239A3B2D00A9FA2E /* IQUIView+Hierarchy.h */ = {isa = PBXFileReference; fileEncoding = 4; lastKnownFileType = sourcecode.c.h; path = "IQUIView+Hierarchy.h"; sourceTree = "<group>"; };
		0971CE82239A3B2D00A9FA2E /* IQKeyboardReturnKeyHandler.m */ = {isa = PBXFileReference; fileEncoding = 4; lastKnownFileType = sourcecode.c.objc; path = IQKeyboardReturnKeyHandler.m; sourceTree = "<group>"; };
		0987147E2361408600F49BFA /* UITableView+Constraint.h */ = {isa = PBXFileReference; fileEncoding = 4; lastKnownFileType = sourcecode.c.h; path = "UITableView+Constraint.h"; sourceTree = "<group>"; };
		0987147F2361408600F49BFA /* UICollectionView+Constraint.m */ = {isa = PBXFileReference; fileEncoding = 4; lastKnownFileType = sourcecode.c.objc; path = "UICollectionView+Constraint.m"; sourceTree = "<group>"; };
		098714802361408600F49BFA /* UITextField+Constraint.h */ = {isa = PBXFileReference; fileEncoding = 4; lastKnownFileType = sourcecode.c.h; path = "UITextField+Constraint.h"; sourceTree = "<group>"; };
		098714812361408600F49BFA /* UIImageView+Constraint.h */ = {isa = PBXFileReference; fileEncoding = 4; lastKnownFileType = sourcecode.c.h; path = "UIImageView+Constraint.h"; sourceTree = "<group>"; };
		098714822361408600F49BFA /* UIButton+Constraint.h */ = {isa = PBXFileReference; fileEncoding = 4; lastKnownFileType = sourcecode.c.h; path = "UIButton+Constraint.h"; sourceTree = "<group>"; };
		098714832361408600F49BFA /* UIView+Constraint.m */ = {isa = PBXFileReference; fileEncoding = 4; lastKnownFileType = sourcecode.c.objc; path = "UIView+Constraint.m"; sourceTree = "<group>"; };
		098714842361408600F49BFA /* UILabel+Constraint.m */ = {isa = PBXFileReference; fileEncoding = 4; lastKnownFileType = sourcecode.c.objc; path = "UILabel+Constraint.m"; sourceTree = "<group>"; };
		098714852361408600F49BFA /* UIScrollView+Contraint.h */ = {isa = PBXFileReference; fileEncoding = 4; lastKnownFileType = sourcecode.c.h; path = "UIScrollView+Contraint.h"; sourceTree = "<group>"; };
		098714862361408600F49BFA /* UICollectionView+Constraint.h */ = {isa = PBXFileReference; fileEncoding = 4; lastKnownFileType = sourcecode.c.h; path = "UICollectionView+Constraint.h"; sourceTree = "<group>"; };
		098714872361408600F49BFA /* UITableView+Constraint.m */ = {isa = PBXFileReference; fileEncoding = 4; lastKnownFileType = sourcecode.c.objc; path = "UITableView+Constraint.m"; sourceTree = "<group>"; };
		098714882361408600F49BFA /* UIImageView+Constraint.m */ = {isa = PBXFileReference; fileEncoding = 4; lastKnownFileType = sourcecode.c.objc; path = "UIImageView+Constraint.m"; sourceTree = "<group>"; };
		098714892361408600F49BFA /* UITextField+Constraint.m */ = {isa = PBXFileReference; fileEncoding = 4; lastKnownFileType = sourcecode.c.objc; path = "UITextField+Constraint.m"; sourceTree = "<group>"; };
		0987148A2361408600F49BFA /* UIView+Constraint.h */ = {isa = PBXFileReference; fileEncoding = 4; lastKnownFileType = sourcecode.c.h; path = "UIView+Constraint.h"; sourceTree = "<group>"; };
		0987148B2361408600F49BFA /* UIButton+Constraint.m */ = {isa = PBXFileReference; fileEncoding = 4; lastKnownFileType = sourcecode.c.objc; path = "UIButton+Constraint.m"; sourceTree = "<group>"; };
		0987148D2361408600F49BFA /* UIScrollView+Contraint.m */ = {isa = PBXFileReference; fileEncoding = 4; lastKnownFileType = sourcecode.c.objc; path = "UIScrollView+Contraint.m"; sourceTree = "<group>"; };
		0987148E2361408600F49BFA /* UILabel+Constraint.h */ = {isa = PBXFileReference; fileEncoding = 4; lastKnownFileType = sourcecode.c.h; path = "UILabel+Constraint.h"; sourceTree = "<group>"; };
		09871497236142F200F49BFA /* JAConstraintKit.h */ = {isa = PBXFileReference; fileEncoding = 4; lastKnownFileType = sourcecode.c.h; path = JAConstraintKit.h; sourceTree = "<group>"; };
		098714992361761900F49BFA /* SPAlbumCell.h */ = {isa = PBXFileReference; lastKnownFileType = sourcecode.c.h; path = SPAlbumCell.h; sourceTree = "<group>"; };
		0987149A2361761900F49BFA /* SPAlbumCell.m */ = {isa = PBXFileReference; lastKnownFileType = sourcecode.c.objc; path = SPAlbumCell.m; sourceTree = "<group>"; };
		098B9489239F719D00D7BAB5 /* SPMediaPickerCell.h */ = {isa = PBXFileReference; lastKnownFileType = sourcecode.c.h; path = SPMediaPickerCell.h; sourceTree = "<group>"; };
		098B948A239F719D00D7BAB5 /* SPMediaPickerCell.m */ = {isa = PBXFileReference; lastKnownFileType = sourcecode.c.objc; path = SPMediaPickerCell.m; sourceTree = "<group>"; };
		09A7403A236AD619007D7C62 /* SPTabBar.m */ = {isa = PBXFileReference; fileEncoding = 4; lastKnownFileType = sourcecode.c.objc; path = SPTabBar.m; sourceTree = "<group>"; };
		09A7403B236AD619007D7C62 /* SPTabBarItem.m */ = {isa = PBXFileReference; fileEncoding = 4; lastKnownFileType = sourcecode.c.objc; path = SPTabBarItem.m; sourceTree = "<group>"; };
		09A7403C236AD619007D7C62 /* SPTabBarItem.h */ = {isa = PBXFileReference; fileEncoding = 4; lastKnownFileType = sourcecode.c.h; path = SPTabBarItem.h; sourceTree = "<group>"; };
		09A7403D236AD619007D7C62 /* SPTabBarViewController.h */ = {isa = PBXFileReference; fileEncoding = 4; lastKnownFileType = sourcecode.c.h; path = SPTabBarViewController.h; sourceTree = "<group>"; };
		09A7403E236AD619007D7C62 /* SPTabBarViewController.m */ = {isa = PBXFileReference; fileEncoding = 4; lastKnownFileType = sourcecode.c.objc; path = SPTabBarViewController.m; sourceTree = "<group>"; };
		09A7403F236AD619007D7C62 /* SPTabBar.h */ = {isa = PBXFileReference; fileEncoding = 4; lastKnownFileType = sourcecode.c.h; path = SPTabBar.h; sourceTree = "<group>"; };
		09D45B602398E1390010277C /* SPStartUpOperationController.h */ = {isa = PBXFileReference; lastKnownFileType = sourcecode.c.h; path = SPStartUpOperationController.h; sourceTree = "<group>"; };
		09D45B612398E1390010277C /* SPStartUpOperationController.m */ = {isa = PBXFileReference; lastKnownFileType = sourcecode.c.objc; path = SPStartUpOperationController.m; sourceTree = "<group>"; };
		09E222B4235FEB35007EB242 /* Images.xcassets */ = {isa = PBXFileReference; lastKnownFileType = folder.assetcatalog; path = Images.xcassets; sourceTree = "<group>"; };
		09E222C9235FEBDA007EB242 /* JAUtilities.m */ = {isa = PBXFileReference; fileEncoding = 4; lastKnownFileType = sourcecode.c.objc; path = JAUtilities.m; sourceTree = "<group>"; };
		09E222CA235FEBDA007EB242 /* JAUtilities.h */ = {isa = PBXFileReference; fileEncoding = 4; lastKnownFileType = sourcecode.c.h; path = JAUtilities.h; sourceTree = "<group>"; };
		09E222CB235FEBDA007EB242 /* SPAV.pch */ = {isa = PBXFileReference; fileEncoding = 4; lastKnownFileType = sourcecode.c.h; path = SPAV.pch; sourceTree = "<group>"; };
		09E222D2235FEC4B007EB242 /* SPNavigationController.h */ = {isa = PBXFileReference; lastKnownFileType = sourcecode.c.h; path = SPNavigationController.h; sourceTree = "<group>"; };
		09E222D3235FEC4B007EB242 /* SPNavigationController.m */ = {isa = PBXFileReference; lastKnownFileType = sourcecode.c.objc; path = SPNavigationController.m; sourceTree = "<group>"; };
		09E222D7235FF1F5007EB242 /* SPBaseViewController.h */ = {isa = PBXFileReference; lastKnownFileType = sourcecode.c.h; path = SPBaseViewController.h; sourceTree = "<group>"; };
		09E222D8235FF1F5007EB242 /* SPBaseViewController.m */ = {isa = PBXFileReference; lastKnownFileType = sourcecode.c.objc; path = SPBaseViewController.m; sourceTree = "<group>"; };
		09E22308235FF96F007EB242 /* SPMediaFileManager.h */ = {isa = PBXFileReference; lastKnownFileType = sourcecode.c.h; path = SPMediaFileManager.h; sourceTree = "<group>"; };
		09E22309235FF96F007EB242 /* SPMediaFileManager.m */ = {isa = PBXFileReference; lastKnownFileType = sourcecode.c.objc; path = SPMediaFileManager.m; sourceTree = "<group>"; };
		09E908722371125800524882 /* MASConstraint+Private.h */ = {isa = PBXFileReference; fileEncoding = 4; lastKnownFileType = sourcecode.c.h; path = "MASConstraint+Private.h"; sourceTree = "<group>"; };
		09E908732371125800524882 /* MASConstraint.h */ = {isa = PBXFileReference; fileEncoding = 4; lastKnownFileType = sourcecode.c.h; path = MASConstraint.h; sourceTree = "<group>"; };
		09E908742371125800524882 /* Info.plist */ = {isa = PBXFileReference; fileEncoding = 4; lastKnownFileType = text.plist.xml; path = Info.plist; sourceTree = "<group>"; };
		09E908752371125800524882 /* Masonry.h */ = {isa = PBXFileReference; fileEncoding = 4; lastKnownFileType = sourcecode.c.h; path = Masonry.h; sourceTree = "<group>"; };
		09E908762371125800524882 /* MASConstraint.m */ = {isa = PBXFileReference; fileEncoding = 4; lastKnownFileType = sourcecode.c.objc; path = MASConstraint.m; sourceTree = "<group>"; };
		09E908772371125800524882 /* NSArray+MASAdditions.h */ = {isa = PBXFileReference; fileEncoding = 4; lastKnownFileType = sourcecode.c.h; path = "NSArray+MASAdditions.h"; sourceTree = "<group>"; };
		09E908782371125800524882 /* NSArray+MASShorthandAdditions.h */ = {isa = PBXFileReference; fileEncoding = 4; lastKnownFileType = sourcecode.c.h; path = "NSArray+MASShorthandAdditions.h"; sourceTree = "<group>"; };
		09E908792371125800524882 /* MASCompositeConstraint.m */ = {isa = PBXFileReference; fileEncoding = 4; lastKnownFileType = sourcecode.c.objc; path = MASCompositeConstraint.m; sourceTree = "<group>"; };
		09E9087A2371125800524882 /* NSArray+MASAdditions.m */ = {isa = PBXFileReference; fileEncoding = 4; lastKnownFileType = sourcecode.c.objc; path = "NSArray+MASAdditions.m"; sourceTree = "<group>"; };
		09E9087B2371125800524882 /* MASConstraintMaker.h */ = {isa = PBXFileReference; fileEncoding = 4; lastKnownFileType = sourcecode.c.h; path = MASConstraintMaker.h; sourceTree = "<group>"; };
		09E9087C2371125800524882 /* MASCompositeConstraint.h */ = {isa = PBXFileReference; fileEncoding = 4; lastKnownFileType = sourcecode.c.h; path = MASCompositeConstraint.h; sourceTree = "<group>"; };
		09E9087D2371125800524882 /* View+MASAdditions.h */ = {isa = PBXFileReference; fileEncoding = 4; lastKnownFileType = sourcecode.c.h; path = "View+MASAdditions.h"; sourceTree = "<group>"; };
		09E9087E2371125800524882 /* MASViewConstraint.h */ = {isa = PBXFileReference; fileEncoding = 4; lastKnownFileType = sourcecode.c.h; path = MASViewConstraint.h; sourceTree = "<group>"; };
		09E9087F2371125800524882 /* ViewController+MASAdditions.h */ = {isa = PBXFileReference; fileEncoding = 4; lastKnownFileType = sourcecode.c.h; path = "ViewController+MASAdditions.h"; sourceTree = "<group>"; };
		09E908802371125800524882 /* NSLayoutConstraint+MASDebugAdditions.m */ = {isa = PBXFileReference; fileEncoding = 4; lastKnownFileType = sourcecode.c.objc; path = "NSLayoutConstraint+MASDebugAdditions.m"; sourceTree = "<group>"; };
		09E908812371125800524882 /* MASViewAttribute.h */ = {isa = PBXFileReference; fileEncoding = 4; lastKnownFileType = sourcecode.c.h; path = MASViewAttribute.h; sourceTree = "<group>"; };
		09E908822371125800524882 /* MASLayoutConstraint.m */ = {isa = PBXFileReference; fileEncoding = 4; lastKnownFileType = sourcecode.c.objc; path = MASLayoutConstraint.m; sourceTree = "<group>"; };
		09E908832371125800524882 /* MASConstraintMaker.m */ = {isa = PBXFileReference; fileEncoding = 4; lastKnownFileType = sourcecode.c.objc; path = MASConstraintMaker.m; sourceTree = "<group>"; };
		09E908842371125800524882 /* MASViewAttribute.m */ = {isa = PBXFileReference; fileEncoding = 4; lastKnownFileType = sourcecode.c.objc; path = MASViewAttribute.m; sourceTree = "<group>"; };
		09E908852371125800524882 /* MASUtilities.h */ = {isa = PBXFileReference; fileEncoding = 4; lastKnownFileType = sourcecode.c.h; path = MASUtilities.h; sourceTree = "<group>"; };
		09E908862371125800524882 /* NSLayoutConstraint+MASDebugAdditions.h */ = {isa = PBXFileReference; fileEncoding = 4; lastKnownFileType = sourcecode.c.h; path = "NSLayoutConstraint+MASDebugAdditions.h"; sourceTree = "<group>"; };
		09E908872371125800524882 /* View+MASShorthandAdditions.h */ = {isa = PBXFileReference; fileEncoding = 4; lastKnownFileType = sourcecode.c.h; path = "View+MASShorthandAdditions.h"; sourceTree = "<group>"; };
		09E908882371125800524882 /* ViewController+MASAdditions.m */ = {isa = PBXFileReference; fileEncoding = 4; lastKnownFileType = sourcecode.c.objc; path = "ViewController+MASAdditions.m"; sourceTree = "<group>"; };
		09E908892371125800524882 /* MASLayoutConstraint.h */ = {isa = PBXFileReference; fileEncoding = 4; lastKnownFileType = sourcecode.c.h; path = MASLayoutConstraint.h; sourceTree = "<group>"; };
		09E9088A2371125800524882 /* MASViewConstraint.m */ = {isa = PBXFileReference; fileEncoding = 4; lastKnownFileType = sourcecode.c.objc; path = MASViewConstraint.m; sourceTree = "<group>"; };
		09E9088B2371125800524882 /* View+MASAdditions.m */ = {isa = PBXFileReference; fileEncoding = 4; lastKnownFileType = sourcecode.c.objc; path = "View+MASAdditions.m"; sourceTree = "<group>"; };
		09E908992371134800524882 /* SPSettingViewController.h */ = {isa = PBXFileReference; fileEncoding = 4; lastKnownFileType = sourcecode.c.h; path = SPSettingViewController.h; sourceTree = "<group>"; };
		09E9089A2371134800524882 /* SPSettingViewController.m */ = {isa = PBXFileReference; fileEncoding = 4; lastKnownFileType = sourcecode.c.objc; path = SPSettingViewController.m; sourceTree = "<group>"; };
		09E9089E237113DA00524882 /* SPHomePageViewController.m */ = {isa = PBXFileReference; fileEncoding = 4; lastKnownFileType = sourcecode.c.objc; path = SPHomePageViewController.m; sourceTree = "<group>"; };
		09E908A0237113DA00524882 /* SPAlbumHomePageController.h */ = {isa = PBXFileReference; fileEncoding = 4; lastKnownFileType = sourcecode.c.h; path = SPAlbumHomePageController.h; sourceTree = "<group>"; };
		09E908A1237113DA00524882 /* SPAlbumHomePageController.m */ = {isa = PBXFileReference; fileEncoding = 4; lastKnownFileType = sourcecode.c.objc; path = SPAlbumHomePageController.m; sourceTree = "<group>"; };
		09E908A2237113DA00524882 /* SPHomePageViewController.h */ = {isa = PBXFileReference; fileEncoding = 4; lastKnownFileType = sourcecode.c.h; path = SPHomePageViewController.h; sourceTree = "<group>"; };
		09E908A52371154000524882 /* SPSettingItem.h */ = {isa = PBXFileReference; lastKnownFileType = sourcecode.c.h; path = SPSettingItem.h; sourceTree = "<group>"; };
		09E908A62371154000524882 /* SPSettingItem.m */ = {isa = PBXFileReference; lastKnownFileType = sourcecode.c.objc; path = SPSettingItem.m; sourceTree = "<group>"; };
		09E908A92371180300524882 /* SPNewAlbumOperationView.h */ = {isa = PBXFileReference; fileEncoding = 4; lastKnownFileType = sourcecode.c.h; path = SPNewAlbumOperationView.h; sourceTree = "<group>"; };
		09E908AA2371180300524882 /* SPNewAlbumOperationView.m */ = {isa = PBXFileReference; fileEncoding = 4; lastKnownFileType = sourcecode.c.objc; path = SPNewAlbumOperationView.m; sourceTree = "<group>"; };
		09E908AD2371180D00524882 /* SPSwitchView.m */ = {isa = PBXFileReference; fileEncoding = 4; lastKnownFileType = sourcecode.c.objc; path = SPSwitchView.m; sourceTree = "<group>"; };
		09E908AE2371180D00524882 /* SPSwitchView.h */ = {isa = PBXFileReference; fileEncoding = 4; lastKnownFileType = sourcecode.c.h; path = SPSwitchView.h; sourceTree = "<group>"; };
		09E908B12371188B00524882 /* SPSettingTabCell.h */ = {isa = PBXFileReference; lastKnownFileType = sourcecode.c.h; path = SPSettingTabCell.h; sourceTree = "<group>"; };
		09E908B22371188B00524882 /* SPSettingTabCell.m */ = {isa = PBXFileReference; lastKnownFileType = sourcecode.c.objc; path = SPSettingTabCell.m; sourceTree = "<group>"; };
		09E908B5237141C300524882 /* SPFingerprintRecognition.h */ = {isa = PBXFileReference; lastKnownFileType = sourcecode.c.h; path = SPFingerprintRecognition.h; sourceTree = "<group>"; };
		09E908B6237141C300524882 /* SPFingerprintRecognition.m */ = {isa = PBXFileReference; lastKnownFileType = sourcecode.c.objc; path = SPFingerprintRecognition.m; sourceTree = "<group>"; };
/* End PBXFileReference section */

/* Begin PBXFrameworksBuildPhase section */
		0914DCFE235DAE20009C555B /* Frameworks */ = {
			isa = PBXFrameworksBuildPhase;
			buildActionMask = 2147483647;
			files = (
			);
			runOnlyForDeploymentPostprocessing = 0;
		};
/* End PBXFrameworksBuildPhase section */

/* Begin PBXGroup section */
		0914DCF8235DAE20009C555B = {
			isa = PBXGroup;
			children = (
				0914DD03235DAE20009C555B /* SavePhotosAndVideos */,
				0914DD02235DAE20009C555B /* Products */,
			);
			sourceTree = "<group>";
		};
		0914DD02235DAE20009C555B /* Products */ = {
			isa = PBXGroup;
			children = (
				0914DD01235DAE20009C555B /* SavePhotosAndVideos.app */,
			);
			name = Products;
			sourceTree = "<group>";
		};
		0914DD03235DAE20009C555B /* SavePhotosAndVideos */ = {
			isa = PBXGroup;
			children = (
				0914DD04235DAE20009C555B /* SPAppDelegate.h */,
				0914DD05235DAE20009C555B /* SPAppDelegate.m */,
				09E222C2235FEBDA007EB242 /* Source */,
				09E222B3235FEB35007EB242 /* Resource */,
				0914DD10235DAE23009C555B /* Assets.xcassets */,
				0914DD15235DAE23009C555B /* SPAVInfo.plist */,
				0914DD16235DAE23009C555B /* main.m */,
			);
			path = SavePhotosAndVideos;
			sourceTree = "<group>";
		};
		095FF2DB2369810F0008347A /* TabbarComponent */ = {
			isa = PBXGroup;
			children = (
				09A7403F236AD619007D7C62 /* SPTabBar.h */,
				09A7403A236AD619007D7C62 /* SPTabBar.m */,
				09A7403C236AD619007D7C62 /* SPTabBarItem.h */,
				09A7403B236AD619007D7C62 /* SPTabBarItem.m */,
				09A7403D236AD619007D7C62 /* SPTabBarViewController.h */,
				09A7403E236AD619007D7C62 /* SPTabBarViewController.m */,
			);
			path = TabbarComponent;
			sourceTree = "<group>";
		};
		0971CE60239A3B2D00A9FA2E /* IQKeyboardManager */ = {
			isa = PBXGroup;
			children = (
				0971CE75239A3B2D00A9FA2E /* IQKeyboardManager.h */,
				0971CE76239A3B2D00A9FA2E /* IQKeyboardManager.m */,
				0971CE74239A3B2D00A9FA2E /* IQKeyboardReturnKeyHandler.h */,
				0971CE82239A3B2D00A9FA2E /* IQKeyboardReturnKeyHandler.m */,
				0971CE61239A3B2D00A9FA2E /* IQTextView */,
				0971CE64239A3B2D00A9FA2E /* IQToolbar */,
				0971CE6F239A3B2D00A9FA2E /* Constants */,
				0971CE72239A3B2D00A9FA2E /* Resources */,
				0971CE77239A3B2D00A9FA2E /* Categories */,
			);
			path = IQKeyboardManager;
			sourceTree = "<group>";
		};
		0971CE61239A3B2D00A9FA2E /* IQTextView */ = {
			isa = PBXGroup;
			children = (
				0971CE63239A3B2D00A9FA2E /* IQTextView.h */,
				0971CE62239A3B2D00A9FA2E /* IQTextView.m */,
			);
			path = IQTextView;
			sourceTree = "<group>";
		};
		0971CE64239A3B2D00A9FA2E /* IQToolbar */ = {
			isa = PBXGroup;
			children = (
				0971CE6C239A3B2D00A9FA2E /* IQToolbar.h */,
				0971CE66239A3B2D00A9FA2E /* IQToolbar.m */,
				0971CE67239A3B2D00A9FA2E /* IQPreviousNextView.h */,
				0971CE6B239A3B2D00A9FA2E /* IQPreviousNextView.m */,
				0971CE6E239A3B2D00A9FA2E /* IQTitleBarButtonItem.h */,
				0971CE68239A3B2D00A9FA2E /* IQTitleBarButtonItem.m */,
				0971CE6D239A3B2D00A9FA2E /* IQBarButtonItem.h */,
				0971CE69239A3B2D00A9FA2E /* IQBarButtonItem.m */,
				0971CE65239A3B2D00A9FA2E /* IQUIView+IQKeyboardToolbar.h */,
				0971CE6A239A3B2D00A9FA2E /* IQUIView+IQKeyboardToolbar.m */,
			);
			path = IQToolbar;
			sourceTree = "<group>";
		};
		0971CE6F239A3B2D00A9FA2E /* Constants */ = {
			isa = PBXGroup;
			children = (
				0971CE70239A3B2D00A9FA2E /* IQKeyboardManagerConstantsInternal.h */,
				0971CE71239A3B2D00A9FA2E /* IQKeyboardManagerConstants.h */,
			);
			path = Constants;
			sourceTree = "<group>";
		};
		0971CE72239A3B2D00A9FA2E /* Resources */ = {
			isa = PBXGroup;
			children = (
				0971CE73239A3B2D00A9FA2E /* IQKeyboardManager.xcassets */,
			);
			path = Resources;
			sourceTree = "<group>";
		};
		0971CE77239A3B2D00A9FA2E /* Categories */ = {
			isa = PBXGroup;
			children = (
				0971CE7D239A3B2D00A9FA2E /* IQNSArray+Sort.h */,
				0971CE78239A3B2D00A9FA2E /* IQNSArray+Sort.m */,
				0971CE81239A3B2D00A9FA2E /* IQUIView+Hierarchy.h */,
				0971CE7C239A3B2D00A9FA2E /* IQUIView+Hierarchy.m */,
				0971CE7F239A3B2D00A9FA2E /* IQUITextFieldView+Additions.h */,
				0971CE7A239A3B2D00A9FA2E /* IQUITextFieldView+Additions.m */,
				0971CE79239A3B2D00A9FA2E /* IQUIViewController+Additions.h */,
				0971CE80239A3B2D00A9FA2E /* IQUIViewController+Additions.m */,
				0971CE7B239A3B2D00A9FA2E /* IQUIScrollView+Additions.m */,
				0971CE7E239A3B2D00A9FA2E /* IQUIScrollView+Additions.h */,
			);
			path = Categories;
			sourceTree = "<group>";
		};
		0987147C23613D9900F49BFA /* Category */ = {
			isa = PBXGroup;
			children = (
				0987147D2361408600F49BFA /* DZHConstraintKit */,
				0971CE5D2399F10300A9FA2E /* UITextField+DeleteBackward.h */,
				0971CE5E2399F10300A9FA2E /* UITextField+DeleteBackward.m */,
			);
			path = Category;
			sourceTree = "<group>";
		};
		0987147D2361408600F49BFA /* DZHConstraintKit */ = {
			isa = PBXGroup;
			children = (
				09871497236142F200F49BFA /* JAConstraintKit.h */,
				0987148A2361408600F49BFA /* UIView+Constraint.h */,
				098714832361408600F49BFA /* UIView+Constraint.m */,
				0987148E2361408600F49BFA /* UILabel+Constraint.h */,
				098714842361408600F49BFA /* UILabel+Constraint.m */,
				098714822361408600F49BFA /* UIButton+Constraint.h */,
				0987148B2361408600F49BFA /* UIButton+Constraint.m */,
				098714802361408600F49BFA /* UITextField+Constraint.h */,
				098714892361408600F49BFA /* UITextField+Constraint.m */,
				098714812361408600F49BFA /* UIImageView+Constraint.h */,
				098714882361408600F49BFA /* UIImageView+Constraint.m */,
				098714852361408600F49BFA /* UIScrollView+Contraint.h */,
				0987148D2361408600F49BFA /* UIScrollView+Contraint.m */,
				0987147E2361408600F49BFA /* UITableView+Constraint.h */,
				098714872361408600F49BFA /* UITableView+Constraint.m */,
				098714862361408600F49BFA /* UICollectionView+Constraint.h */,
				0987147F2361408600F49BFA /* UICollectionView+Constraint.m */,
			);
			path = DZHConstraintKit;
			sourceTree = "<group>";
		};
		09871498236175E700F49BFA /* Cell */ = {
			isa = PBXGroup;
			children = (
				098714992361761900F49BFA /* SPAlbumCell.h */,
				0987149A2361761900F49BFA /* SPAlbumCell.m */,
				098B9489239F719D00D7BAB5 /* SPMediaPickerCell.h */,
				098B948A239F719D00D7BAB5 /* SPMediaPickerCell.m */,
			);
			path = Cell;
			sourceTree = "<group>";
		};
		09A74036236AD31D007D7C62 /* Setting */ = {
			isa = PBXGroup;
			children = (
				09E908982371134800524882 /* Controller */,
				09E9089B2371134800524882 /* Model */,
				09E908972371134800524882 /* View */,
			);
			path = Setting;
			sourceTree = "<group>";
		};
		09D45B5F2398E0E20010277C /* StartUp */ = {
			isa = PBXGroup;
			children = (
				09D45B602398E1390010277C /* SPStartUpOperationController.h */,
				09D45B612398E1390010277C /* SPStartUpOperationController.m */,
			);
			path = StartUp;
			sourceTree = "<group>";
		};
		09E222B3235FEB35007EB242 /* Resource */ = {
			isa = PBXGroup;
			children = (
				09E222B4235FEB35007EB242 /* Images.xcassets */,
			);
			path = Resource;
			sourceTree = "<group>";
		};
		09E222C2235FEBDA007EB242 /* Source */ = {
			isa = PBXGroup;
			children = (
				09E222C3235FEBDA007EB242 /* Module */,
				09E222C7235FEBDA007EB242 /* Common */,
				09E222CC235FEBDA007EB242 /* ThirdLibrary */,
				09E222CE235FEBDA007EB242 /* Base */,
			);
			path = Source;
			sourceTree = "<group>";
		};
		09E222C3235FEBDA007EB242 /* Module */ = {
			isa = PBXGroup;
			children = (
				095FECD8236BC26200C02105 /* SPRootViewController.h */,
				095FECD9236BC26200C02105 /* SPRootViewController.m */,
				09D45B5F2398E0E20010277C /* StartUp */,
				09E222C4235FEBDA007EB242 /* HomePage */,
				09A74036236AD31D007D7C62 /* Setting */,
			);
			path = Module;
			sourceTree = "<group>";
		};
		09E222C4235FEBDA007EB242 /* HomePage */ = {
			isa = PBXGroup;
			children = (
				09E22304235FF836007EB242 /* Model */,
				09E22300235FF836007EB242 /* View */,
				09E9089D237113DA00524882 /* Controller */,
			);
			path = HomePage;
			sourceTree = "<group>";
		};
		09E222C7235FEBDA007EB242 /* Common */ = {
			isa = PBXGroup;
			children = (
				09E222CB235FEBDA007EB242 /* SPAV.pch */,
				095FF2D82369749B0008347A /* SPAppContext.h */,
				095FF2D92369749B0008347A /* SPAppContext.m */,
				095FECDB236C1B0400C02105 /* SPProjectContext.h */,
				095FECDC236C1B0400C02105 /* SPProjectContext.m */,
				0987147C23613D9900F49BFA /* Category */,
				09E22307235FF942007EB242 /* Manager */,
				09E222C8235FEBDA007EB242 /* Tools */,
			);
			path = Common;
			sourceTree = "<group>";
		};
		09E222C8235FEBDA007EB242 /* Tools */ = {
			isa = PBXGroup;
			children = (
				09E222CA235FEBDA007EB242 /* JAUtilities.h */,
				09E222C9235FEBDA007EB242 /* JAUtilities.m */,
			);
			path = Tools;
			sourceTree = "<group>";
		};
		09E222CC235FEBDA007EB242 /* ThirdLibrary */ = {
			isa = PBXGroup;
			children = (
				0971CE60239A3B2D00A9FA2E /* IQKeyboardManager */,
				09E222DA235FF3AD007EB242 /* Masonry */,
			);
			path = ThirdLibrary;
			sourceTree = "<group>";
		};
		09E222CE235FEBDA007EB242 /* Base */ = {
			isa = PBXGroup;
			children = (
				09E222D5235FED25007EB242 /* ViewController */,
				09E222CF235FEBDA007EB242 /* Navigation */,
				095FF2DB2369810F0008347A /* TabbarComponent */,
			);
			path = Base;
			sourceTree = "<group>";
		};
		09E222CF235FEBDA007EB242 /* Navigation */ = {
			isa = PBXGroup;
			children = (
				09E222D2235FEC4B007EB242 /* SPNavigationController.h */,
				09E222D3235FEC4B007EB242 /* SPNavigationController.m */,
			);
			path = Navigation;
			sourceTree = "<group>";
		};
		09E222D5235FED25007EB242 /* ViewController */ = {
			isa = PBXGroup;
			children = (
				09E222D7235FF1F5007EB242 /* SPBaseViewController.h */,
				09E222D8235FF1F5007EB242 /* SPBaseViewController.m */,
			);
			path = ViewController;
			sourceTree = "<group>";
		};
		09E222DA235FF3AD007EB242 /* Masonry */ = {
			isa = PBXGroup;
			children = (
				09E908742371125800524882 /* Info.plist */,
				09E908752371125800524882 /* Masonry.h */,
				09E9087C2371125800524882 /* MASCompositeConstraint.h */,
				09E908792371125800524882 /* MASCompositeConstraint.m */,
				09E908732371125800524882 /* MASConstraint.h */,
				09E908762371125800524882 /* MASConstraint.m */,
				09E908722371125800524882 /* MASConstraint+Private.h */,
				09E9087B2371125800524882 /* MASConstraintMaker.h */,
				09E908832371125800524882 /* MASConstraintMaker.m */,
				09E908892371125800524882 /* MASLayoutConstraint.h */,
				09E908822371125800524882 /* MASLayoutConstraint.m */,
				09E908852371125800524882 /* MASUtilities.h */,
				09E908812371125800524882 /* MASViewAttribute.h */,
				09E908842371125800524882 /* MASViewAttribute.m */,
				09E9087E2371125800524882 /* MASViewConstraint.h */,
				09E9088A2371125800524882 /* MASViewConstraint.m */,
				09E908772371125800524882 /* NSArray+MASAdditions.h */,
				09E9087A2371125800524882 /* NSArray+MASAdditions.m */,
				09E908782371125800524882 /* NSArray+MASShorthandAdditions.h */,
				09E908862371125800524882 /* NSLayoutConstraint+MASDebugAdditions.h */,
				09E908802371125800524882 /* NSLayoutConstraint+MASDebugAdditions.m */,
				09E9087D2371125800524882 /* View+MASAdditions.h */,
				09E9088B2371125800524882 /* View+MASAdditions.m */,
				09E908872371125800524882 /* View+MASShorthandAdditions.h */,
				09E9087F2371125800524882 /* ViewController+MASAdditions.h */,
				09E908882371125800524882 /* ViewController+MASAdditions.m */,
			);
			path = Masonry;
			sourceTree = "<group>";
		};
		09E22300235FF836007EB242 /* View */ = {
			isa = PBXGroup;
			children = (
				09E908A82371180300524882 /* Custom */,
				09871498236175E700F49BFA /* Cell */,
			);
			path = View;
			sourceTree = "<group>";
		};
		09E22304235FF836007EB242 /* Model */ = {
			isa = PBXGroup;
			children = (
			);
			path = Model;
			sourceTree = "<group>";
		};
		09E22307235FF942007EB242 /* Manager */ = {
			isa = PBXGroup;
			children = (
				09E22308235FF96F007EB242 /* SPMediaFileManager.h */,
				09E22309235FF96F007EB242 /* SPMediaFileManager.m */,
				09526E79239E2D0600BA2E80 /* SPSystemMediaManager.h */,
				09526E7A239E2D0600BA2E80 /* SPSystemMediaManager.m */,
				09E908B5237141C300524882 /* SPFingerprintRecognition.h */,
				09E908B6237141C300524882 /* SPFingerprintRecognition.m */,
			);
			path = Manager;
			sourceTree = "<group>";
		};
		09E908972371134800524882 /* View */ = {
			isa = PBXGroup;
			children = (
				09E908AF2371180D00524882 /* Cell */,
				09E908AC2371180D00524882 /* Custom */,
			);
			path = View;
			sourceTree = "<group>";
		};
		09E908982371134800524882 /* Controller */ = {
			isa = PBXGroup;
			children = (
				09E908992371134800524882 /* SPSettingViewController.h */,
				09E9089A2371134800524882 /* SPSettingViewController.m */,
			);
			path = Controller;
			sourceTree = "<group>";
		};
		09E9089B2371134800524882 /* Model */ = {
			isa = PBXGroup;
			children = (
				09E908A52371154000524882 /* SPSettingItem.h */,
				09E908A62371154000524882 /* SPSettingItem.m */,
			);
			path = Model;
			sourceTree = "<group>";
		};
		09E9089D237113DA00524882 /* Controller */ = {
			isa = PBXGroup;
			children = (
				09E908A2237113DA00524882 /* SPHomePageViewController.h */,
				09E9089E237113DA00524882 /* SPHomePageViewController.m */,
				09E9089F237113DA00524882 /* Album */,
			);
			path = Controller;
			sourceTree = "<group>";
		};
		09E9089F237113DA00524882 /* Album */ = {
			isa = PBXGroup;
			children = (
				09E908A0237113DA00524882 /* SPAlbumHomePageController.h */,
				09E908A1237113DA00524882 /* SPAlbumHomePageController.m */,
				09526E76239E201A00BA2E80 /* SPMediaPickerController.h */,
				09526E77239E201A00BA2E80 /* SPMediaPickerController.m */,
			);
			path = Album;
			sourceTree = "<group>";
		};
		09E908A82371180300524882 /* Custom */ = {
			isa = PBXGroup;
			children = (
				09E908A92371180300524882 /* SPNewAlbumOperationView.h */,
				09E908AA2371180300524882 /* SPNewAlbumOperationView.m */,
			);
			path = Custom;
			sourceTree = "<group>";
		};
		09E908AC2371180D00524882 /* Custom */ = {
			isa = PBXGroup;
			children = (
				09E908AE2371180D00524882 /* SPSwitchView.h */,
				09E908AD2371180D00524882 /* SPSwitchView.m */,
			);
			path = Custom;
			sourceTree = "<group>";
		};
		09E908AF2371180D00524882 /* Cell */ = {
			isa = PBXGroup;
			children = (
				09E908B12371188B00524882 /* SPSettingTabCell.h */,
				09E908B22371188B00524882 /* SPSettingTabCell.m */,
			);
			path = Cell;
			sourceTree = "<group>";
		};
/* End PBXGroup section */

/* Begin PBXNativeTarget section */
		0914DD00235DAE20009C555B /* SavePhotosAndVideos */ = {
			isa = PBXNativeTarget;
			buildConfigurationList = 0914DD1A235DAE23009C555B /* Build configuration list for PBXNativeTarget "SavePhotosAndVideos" */;
			buildPhases = (
				0914DCFD235DAE20009C555B /* Sources */,
				0914DCFE235DAE20009C555B /* Frameworks */,
				0914DCFF235DAE20009C555B /* Resources */,
			);
			buildRules = (
			);
			dependencies = (
			);
			name = SavePhotosAndVideos;
			productName = SavePhotosAndVideos;
			productReference = 0914DD01235DAE20009C555B /* SavePhotosAndVideos.app */;
			productType = "com.apple.product-type.application";
		};
/* End PBXNativeTarget section */

/* Begin PBXProject section */
		0914DCF9235DAE20009C555B /* Project object */ = {
			isa = PBXProject;
			attributes = {
				LastUpgradeCheck = 1110;
				ORGANIZATIONNAME = Ja;
				TargetAttributes = {
					0914DD00235DAE20009C555B = {
						CreatedOnToolsVersion = 11.1;
					};
				};
			};
			buildConfigurationList = 0914DCFC235DAE20009C555B /* Build configuration list for PBXProject "SavePhotosAndVideos" */;
			compatibilityVersion = "Xcode 9.3";
			developmentRegion = en;
			hasScannedForEncodings = 0;
			knownRegions = (
				en,
				Base,
			);
			mainGroup = 0914DCF8235DAE20009C555B;
			productRefGroup = 0914DD02235DAE20009C555B /* Products */;
			projectDirPath = "";
			projectRoot = "";
			targets = (
				0914DD00235DAE20009C555B /* SavePhotosAndVideos */,
			);
		};
/* End PBXProject section */

/* Begin PBXResourcesBuildPhase section */
		0914DCFF235DAE20009C555B /* Resources */ = {
			isa = PBXResourcesBuildPhase;
			buildActionMask = 2147483647;
			files = (
				0971CE89239A3B2D00A9FA2E /* IQKeyboardManager.xcassets in Resources */,
				0914DD11235DAE23009C555B /* Assets.xcassets in Resources */,
				09E222BF235FEB35007EB242 /* Images.xcassets in Resources */,
				09E9088C2371125800524882 /* Info.plist in Resources */,
			);
			runOnlyForDeploymentPostprocessing = 0;
		};
/* End PBXResourcesBuildPhase section */

/* Begin PBXSourcesBuildPhase section */
		0914DCFD235DAE20009C555B /* Sources */ = {
			isa = PBXSourcesBuildPhase;
			buildActionMask = 2147483647;
			files = (
				0971CE88239A3B2D00A9FA2E /* IQPreviousNextView.m in Sources */,
				09E9088F2371125800524882 /* NSArray+MASAdditions.m in Sources */,
				09E222D9235FF1F5007EB242 /* SPBaseViewController.m in Sources */,
				09E908902371125800524882 /* NSLayoutConstraint+MASDebugAdditions.m in Sources */,
				0971CE8E239A3B2D00A9FA2E /* IQUIView+Hierarchy.m in Sources */,
				095FECDD236C1B0400C02105 /* SPProjectContext.m in Sources */,
				09E908942371125800524882 /* ViewController+MASAdditions.m in Sources */,
				09E908A3237113DA00524882 /* SPHomePageViewController.m in Sources */,
				09E908A72371154000524882 /* SPSettingItem.m in Sources */,
				095FECDA236BC26200C02105 /* SPRootViewController.m in Sources */,
				09A74040236AD619007D7C62 /* SPTabBar.m in Sources */,
				0971CE8B239A3B2D00A9FA2E /* IQNSArray+Sort.m in Sources */,
				0971CE85239A3B2D00A9FA2E /* IQTitleBarButtonItem.m in Sources */,
				0971CE90239A3B2D00A9FA2E /* IQKeyboardReturnKeyHandler.m in Sources */,
				09E908B32371188B00524882 /* SPSettingTabCell.m in Sources */,
				0971CE5F2399F10300A9FA2E /* UITextField+DeleteBackward.m in Sources */,
				0914DD06235DAE20009C555B /* SPAppDelegate.m in Sources */,
				0971CE8F239A3B2D00A9FA2E /* IQUIViewController+Additions.m in Sources */,
				09A74041236AD619007D7C62 /* SPTabBarItem.m in Sources */,
				0971CE83239A3B2D00A9FA2E /* IQTextView.m in Sources */,
				0987148F2361408600F49BFA /* UICollectionView+Constraint.m in Sources */,
				098714962361408600F49BFA /* UIScrollView+Contraint.m in Sources */,
				09E908962371125800524882 /* View+MASAdditions.m in Sources */,
				09A74042236AD619007D7C62 /* SPTabBarViewController.m in Sources */,
				098714942361408600F49BFA /* UITextField+Constraint.m in Sources */,
				09E9088D2371125800524882 /* MASConstraint.m in Sources */,
				09526E78239E201A00BA2E80 /* SPMediaPickerController.m in Sources */,
				098714912361408600F49BFA /* UILabel+Constraint.m in Sources */,
				0914DD17235DAE23009C555B /* main.m in Sources */,
				09E9089C2371134800524882 /* SPSettingViewController.m in Sources */,
				09E2230A235FF96F007EB242 /* SPMediaFileManager.m in Sources */,
				098B948B239F719D00D7BAB5 /* SPMediaPickerCell.m in Sources */,
				09E908922371125800524882 /* MASConstraintMaker.m in Sources */,
				0971CE86239A3B2D00A9FA2E /* IQBarButtonItem.m in Sources */,
				098714902361408600F49BFA /* UIView+Constraint.m in Sources */,
				0987149B2361761900F49BFA /* SPAlbumCell.m in Sources */,
				0971CE8D239A3B2D00A9FA2E /* IQUIScrollView+Additions.m in Sources */,
				0971CE87239A3B2D00A9FA2E /* IQUIView+IQKeyboardToolbar.m in Sources */,
				09E908952371125800524882 /* MASViewConstraint.m in Sources */,
				09E908B7237141C300524882 /* SPFingerprintRecognition.m in Sources */,
				0971CE84239A3B2D00A9FA2E /* IQToolbar.m in Sources */,
				09E908912371125800524882 /* MASLayoutConstraint.m in Sources */,
				09E908B02371180D00524882 /* SPSwitchView.m in Sources */,
				0971CE8A239A3B2D00A9FA2E /* IQKeyboardManager.m in Sources */,
				095FF2DA2369749B0008347A /* SPAppContext.m in Sources */,
				09E908A4237113DA00524882 /* SPAlbumHomePageController.m in Sources */,
				098714952361408600F49BFA /* UIButton+Constraint.m in Sources */,
				09E9088E2371125800524882 /* MASCompositeConstraint.m in Sources */,
				09E908AB2371180300524882 /* SPNewAlbumOperationView.m in Sources */,
				09E222D4235FEC4B007EB242 /* SPNavigationController.m in Sources */,
				0971CE8C239A3B2D00A9FA2E /* IQUITextFieldView+Additions.m in Sources */,
				098714922361408600F49BFA /* UITableView+Constraint.m in Sources */,
				09D45B622398E1390010277C /* SPStartUpOperationController.m in Sources */,
				09E908932371125800524882 /* MASViewAttribute.m in Sources */,
				098714932361408600F49BFA /* UIImageView+Constraint.m in Sources */,
				09E222D1235FEBDA007EB242 /* JAUtilities.m in Sources */,
				09526E7B239E2D0600BA2E80 /* SPSystemMediaManager.m in Sources */,
			);
			runOnlyForDeploymentPostprocessing = 0;
		};
/* End PBXSourcesBuildPhase section */

/* Begin XCBuildConfiguration section */
		0914DD18235DAE23009C555B /* Debug */ = {
			isa = XCBuildConfiguration;
			buildSettings = {
				ALWAYS_SEARCH_USER_PATHS = NO;
				CLANG_ANALYZER_NONNULL = YES;
				CLANG_ANALYZER_NUMBER_OBJECT_CONVERSION = YES_AGGRESSIVE;
				CLANG_CXX_LANGUAGE_STANDARD = "gnu++14";
				CLANG_CXX_LIBRARY = "libc++";
				CLANG_ENABLE_MODULES = YES;
				CLANG_ENABLE_OBJC_ARC = YES;
				CLANG_ENABLE_OBJC_WEAK = YES;
				CLANG_WARN_BLOCK_CAPTURE_AUTORELEASING = YES;
				CLANG_WARN_BOOL_CONVERSION = YES;
				CLANG_WARN_COMMA = YES;
				CLANG_WARN_CONSTANT_CONVERSION = YES;
				CLANG_WARN_DEPRECATED_OBJC_IMPLEMENTATIONS = YES;
				CLANG_WARN_DIRECT_OBJC_ISA_USAGE = YES_ERROR;
				CLANG_WARN_DOCUMENTATION_COMMENTS = YES;
				CLANG_WARN_EMPTY_BODY = YES;
				CLANG_WARN_ENUM_CONVERSION = YES;
				CLANG_WARN_INFINITE_RECURSION = YES;
				CLANG_WARN_INT_CONVERSION = YES;
				CLANG_WARN_NON_LITERAL_NULL_CONVERSION = YES;
				CLANG_WARN_OBJC_IMPLICIT_RETAIN_SELF = YES;
				CLANG_WARN_OBJC_LITERAL_CONVERSION = YES;
				CLANG_WARN_OBJC_ROOT_CLASS = YES_ERROR;
				CLANG_WARN_RANGE_LOOP_ANALYSIS = YES;
				CLANG_WARN_STRICT_PROTOTYPES = YES;
				CLANG_WARN_SUSPICIOUS_MOVE = YES;
				CLANG_WARN_UNGUARDED_AVAILABILITY = YES_AGGRESSIVE;
				CLANG_WARN_UNREACHABLE_CODE = YES;
				CLANG_WARN__DUPLICATE_METHOD_MATCH = YES;
				COPY_PHASE_STRIP = NO;
				DEBUG_INFORMATION_FORMAT = dwarf;
				ENABLE_STRICT_OBJC_MSGSEND = YES;
				ENABLE_TESTABILITY = YES;
				GCC_C_LANGUAGE_STANDARD = gnu11;
				GCC_DYNAMIC_NO_PIC = NO;
				GCC_NO_COMMON_BLOCKS = YES;
				GCC_OPTIMIZATION_LEVEL = 0;
				GCC_PREPROCESSOR_DEFINITIONS = (
					"DEBUG=1",
					"$(inherited)",
				);
				GCC_WARN_64_TO_32_BIT_CONVERSION = YES;
				GCC_WARN_ABOUT_RETURN_TYPE = YES_ERROR;
				GCC_WARN_UNDECLARED_SELECTOR = YES;
				GCC_WARN_UNINITIALIZED_AUTOS = YES_AGGRESSIVE;
				GCC_WARN_UNUSED_FUNCTION = YES;
				GCC_WARN_UNUSED_VARIABLE = YES;
				IPHONEOS_DEPLOYMENT_TARGET = 9.0;
				MTL_ENABLE_DEBUG_INFO = INCLUDE_SOURCE;
				MTL_FAST_MATH = YES;
				ONLY_ACTIVE_ARCH = YES;
				SDKROOT = iphoneos;
			};
			name = Debug;
		};
		0914DD19235DAE23009C555B /* Release */ = {
			isa = XCBuildConfiguration;
			buildSettings = {
				ALWAYS_SEARCH_USER_PATHS = NO;
				CLANG_ANALYZER_NONNULL = YES;
				CLANG_ANALYZER_NUMBER_OBJECT_CONVERSION = YES_AGGRESSIVE;
				CLANG_CXX_LANGUAGE_STANDARD = "gnu++14";
				CLANG_CXX_LIBRARY = "libc++";
				CLANG_ENABLE_MODULES = YES;
				CLANG_ENABLE_OBJC_ARC = YES;
				CLANG_ENABLE_OBJC_WEAK = YES;
				CLANG_WARN_BLOCK_CAPTURE_AUTORELEASING = YES;
				CLANG_WARN_BOOL_CONVERSION = YES;
				CLANG_WARN_COMMA = YES;
				CLANG_WARN_CONSTANT_CONVERSION = YES;
				CLANG_WARN_DEPRECATED_OBJC_IMPLEMENTATIONS = YES;
				CLANG_WARN_DIRECT_OBJC_ISA_USAGE = YES_ERROR;
				CLANG_WARN_DOCUMENTATION_COMMENTS = YES;
				CLANG_WARN_EMPTY_BODY = YES;
				CLANG_WARN_ENUM_CONVERSION = YES;
				CLANG_WARN_INFINITE_RECURSION = YES;
				CLANG_WARN_INT_CONVERSION = YES;
				CLANG_WARN_NON_LITERAL_NULL_CONVERSION = YES;
				CLANG_WARN_OBJC_IMPLICIT_RETAIN_SELF = YES;
				CLANG_WARN_OBJC_LITERAL_CONVERSION = YES;
				CLANG_WARN_OBJC_ROOT_CLASS = YES_ERROR;
				CLANG_WARN_RANGE_LOOP_ANALYSIS = YES;
				CLANG_WARN_STRICT_PROTOTYPES = YES;
				CLANG_WARN_SUSPICIOUS_MOVE = YES;
				CLANG_WARN_UNGUARDED_AVAILABILITY = YES_AGGRESSIVE;
				CLANG_WARN_UNREACHABLE_CODE = YES;
				CLANG_WARN__DUPLICATE_METHOD_MATCH = YES;
				COPY_PHASE_STRIP = NO;
				DEBUG_INFORMATION_FORMAT = "dwarf-with-dsym";
				ENABLE_NS_ASSERTIONS = NO;
				ENABLE_STRICT_OBJC_MSGSEND = YES;
				GCC_C_LANGUAGE_STANDARD = gnu11;
				GCC_NO_COMMON_BLOCKS = YES;
				GCC_WARN_64_TO_32_BIT_CONVERSION = YES;
				GCC_WARN_ABOUT_RETURN_TYPE = YES_ERROR;
				GCC_WARN_UNDECLARED_SELECTOR = YES;
				GCC_WARN_UNINITIALIZED_AUTOS = YES_AGGRESSIVE;
				GCC_WARN_UNUSED_FUNCTION = YES;
				GCC_WARN_UNUSED_VARIABLE = YES;
				IPHONEOS_DEPLOYMENT_TARGET = 9.0;
				MTL_ENABLE_DEBUG_INFO = NO;
				MTL_FAST_MATH = YES;
				SDKROOT = iphoneos;
				VALIDATE_PRODUCT = YES;
			};
			name = Release;
		};
		0914DD1B235DAE23009C555B /* Debug */ = {
			isa = XCBuildConfiguration;
			buildSettings = {
				ASSETCATALOG_COMPILER_APPICON_NAME = AppIcon;
				ASSETCATALOG_COMPILER_LAUNCHIMAGE_NAME = LaunchImage;
				CODE_SIGN_IDENTITY = "iPhone Developer";
				CODE_SIGN_STYLE = Manual;
				CURRENT_PROJECT_VERSION = 1.00;
				DEVELOPMENT_TEAM = 3RG4QMG6EY;
				GCC_PREFIX_HEADER = /Users/jinan/Desktop/GitProject/SavePhotosAndVideos/SavePhotosAndVideos/Source/Common/SPAV.pch;
				INFOPLIST_FILE = "$(SRCROOT)/SavePhotosAndVideos/SPAVInfo.plist";
				LD_RUNPATH_SEARCH_PATHS = (
					"$(inherited)",
					"@executable_path/Frameworks",
				);
				MARKETING_VERSION = 1.00;
				PRODUCT_BUNDLE_IDENTIFIER = test.SavePhotosAndVideos;
				PRODUCT_NAME = "$(TARGET_NAME)";
				PROVISIONING_PROFILE_SPECIFIER = Development20191227;
				TARGETED_DEVICE_FAMILY = "1,2";
			};
			name = Debug;
		};
		0914DD1C235DAE23009C555B /* Release */ = {
			isa = XCBuildConfiguration;
			buildSettings = {
				ASSETCATALOG_COMPILER_APPICON_NAME = AppIcon;
				ASSETCATALOG_COMPILER_LAUNCHIMAGE_NAME = LaunchImage;
				CODE_SIGN_IDENTITY = "iPhone Developer";
				CODE_SIGN_STYLE = Manual;
				CURRENT_PROJECT_VERSION = 1.00;
				DEVELOPMENT_TEAM = 3RG4QMG6EY;
				GCC_PREFIX_HEADER = /Users/jinan/Desktop/GitProject/SavePhotosAndVideos/SavePhotosAndVideos/Source/Common/SPAV.pch;
				INFOPLIST_FILE = "$(SRCROOT)/SavePhotosAndVideos/SPAVInfo.plist";
				LD_RUNPATH_SEARCH_PATHS = (
					"$(inherited)",
					"@executable_path/Frameworks",
				);
				MARKETING_VERSION = 1.00;
				PRODUCT_BUNDLE_IDENTIFIER = test.SavePhotosAndVideos;
				PRODUCT_NAME = "$(TARGET_NAME)";
				PROVISIONING_PROFILE_SPECIFIER = Development20191227;
				TARGETED_DEVICE_FAMILY = "1,2";
			};
			name = Release;
		};
/* End XCBuildConfiguration section */

/* Begin XCConfigurationList section */
		0914DCFC235DAE20009C555B /* Build configuration list for PBXProject "SavePhotosAndVideos" */ = {
			isa = XCConfigurationList;
			buildConfigurations = (
				0914DD18235DAE23009C555B /* Debug */,
				0914DD19235DAE23009C555B /* Release */,
			);
			defaultConfigurationIsVisible = 0;
			defaultConfigurationName = Release;
		};
		0914DD1A235DAE23009C555B /* Build configuration list for PBXNativeTarget "SavePhotosAndVideos" */ = {
			isa = XCConfigurationList;
			buildConfigurations = (
				0914DD1B235DAE23009C555B /* Debug */,
				0914DD1C235DAE23009C555B /* Release */,
			);
			defaultConfigurationIsVisible = 0;
			defaultConfigurationName = Release;
		};
/* End XCConfigurationList section */
	};
	rootObject = 0914DCF9235DAE20009C555B /* Project object */;
}
